// !$*UTF8*$!
{
	archiveVersion = 1;
	classes = {
	};
	objectVersion = 50;
	objects = {

/* Begin PBXBuildFile section */
		2E7E26CE237DC68400C8A96E /* AppDelegate.swift in Sources */ = {isa = PBXBuildFile; fileRef = 2E7E26CD237DC68400C8A96E /* AppDelegate.swift */; };
		2E7E26D0237DC68400C8A96E /* SceneDelegate.swift in Sources */ = {isa = PBXBuildFile; fileRef = 2E7E26CF237DC68400C8A96E /* SceneDelegate.swift */; };
		2E7E26D2237DC68400C8A96E /* ViewController.swift in Sources */ = {isa = PBXBuildFile; fileRef = 2E7E26D1237DC68400C8A96E /* ViewController.swift */; };
		2E7E26D5237DC68400C8A96E /* Main.storyboard in Resources */ = {isa = PBXBuildFile; fileRef = 2E7E26D3237DC68400C8A96E /* Main.storyboard */; };
		2E7E26D7237DC68700C8A96E /* Assets.xcassets in Resources */ = {isa = PBXBuildFile; fileRef = 2E7E26D6237DC68700C8A96E /* Assets.xcassets */; };
		2E7E26DA237DC68700C8A96E /* LaunchScreen.storyboard in Resources */ = {isa = PBXBuildFile; fileRef = 2E7E26D8237DC68700C8A96E /* LaunchScreen.storyboard */; };
		2E7E26E5237DC84F00C8A96E /* SquareReaderSDK.framework in Frameworks */ = {isa = PBXBuildFile; fileRef = 2E7E26E3237DC84100C8A96E /* SquareReaderSDK.framework */; };
		2E7E26E6237DC84F00C8A96E /* SquareReaderSDK.framework in Embed Frameworks */ = {isa = PBXBuildFile; fileRef = 2E7E26E3237DC84100C8A96E /* SquareReaderSDK.framework */; settings = {ATTRIBUTES = (RemoveHeadersOnCopy, ); }; };
/* End PBXBuildFile section */

/* Begin PBXCopyFilesBuildPhase section */
		2E7E26E7237DC84F00C8A96E /* Embed Frameworks */ = {
			isa = PBXCopyFilesBuildPhase;
			buildActionMask = 2147483647;
			dstPath = "";
			dstSubfolderSpec = 10;
			files = (
				2E7E26E6237DC84F00C8A96E /* SquareReaderSDK.framework in Embed Frameworks */,
			);
			name = "Embed Frameworks";
			runOnlyForDeploymentPostprocessing = 0;
		};
/* End PBXCopyFilesBuildPhase section */

/* Begin PBXFileReference section */
		2E7E26CA237DC68400C8A96E /* SampleAuth.app */ = {isa = PBXFileReference; explicitFileType = wrapper.application; includeInIndex = 0; path = SampleAuth.app; sourceTree = BUILT_PRODUCTS_DIR; };
		2E7E26CD237DC68400C8A96E /* AppDelegate.swift */ = {isa = PBXFileReference; lastKnownFileType = sourcecode.swift; path = AppDelegate.swift; sourceTree = "<group>"; };
		2E7E26CF237DC68400C8A96E /* SceneDelegate.swift */ = {isa = PBXFileReference; lastKnownFileType = sourcecode.swift; path = SceneDelegate.swift; sourceTree = "<group>"; };
		2E7E26D1237DC68400C8A96E /* ViewController.swift */ = {isa = PBXFileReference; lastKnownFileType = sourcecode.swift; path = ViewController.swift; sourceTree = "<group>"; };
		2E7E26D4237DC68400C8A96E /* Base */ = {isa = PBXFileReference; lastKnownFileType = file.storyboard; name = Base; path = Base.lproj/Main.storyboard; sourceTree = "<group>"; };
		2E7E26D6237DC68700C8A96E /* Assets.xcassets */ = {isa = PBXFileReference; lastKnownFileType = folder.assetcatalog; path = Assets.xcassets; sourceTree = "<group>"; };
		2E7E26D9237DC68700C8A96E /* Base */ = {isa = PBXFileReference; lastKnownFileType = file.storyboard; name = Base; path = Base.lproj/LaunchScreen.storyboard; sourceTree = "<group>"; };
		2E7E26DB237DC68700C8A96E /* Info.plist */ = {isa = PBXFileReference; lastKnownFileType = text.plist.xml; path = Info.plist; sourceTree = "<group>"; };
		2E7E26E3237DC84100C8A96E /* SquareReaderSDK.framework */ = {isa = PBXFileReference; lastKnownFileType = wrapper.framework; path = SquareReaderSDK.framework; sourceTree = "<group>"; };
/* End PBXFileReference section */

/* Begin PBXFrameworksBuildPhase section */
		2E7E26C7237DC68400C8A96E /* Frameworks */ = {
			isa = PBXFrameworksBuildPhase;
			buildActionMask = 2147483647;
			files = (
				2E7E26E5237DC84F00C8A96E /* SquareReaderSDK.framework in Frameworks */,
			);
			runOnlyForDeploymentPostprocessing = 0;
		};
/* End PBXFrameworksBuildPhase section */

/* Begin PBXGroup section */
		2E7E26C1237DC68400C8A96E = {
			isa = PBXGroup;
			children = (
				2E7E26E3237DC84100C8A96E /* SquareReaderSDK.framework */,
				2E7E26CC237DC68400C8A96E /* SampleAuth */,
				2E7E26CB237DC68400C8A96E /* Products */,
			);
			sourceTree = "<group>";
		};
		2E7E26CB237DC68400C8A96E /* Products */ = {
			isa = PBXGroup;
			children = (
				2E7E26CA237DC68400C8A96E /* SampleAuth.app */,
			);
			name = Products;
			sourceTree = "<group>";
		};
		2E7E26CC237DC68400C8A96E /* SampleAuth */ = {
			isa = PBXGroup;
			children = (
				2E7E26CD237DC68400C8A96E /* AppDelegate.swift */,
				2E7E26CF237DC68400C8A96E /* SceneDelegate.swift */,
				2E7E26D1237DC68400C8A96E /* ViewController.swift */,
				2E7E26D3237DC68400C8A96E /* Main.storyboard */,
				2E7E26D6237DC68700C8A96E /* Assets.xcassets */,
				2E7E26D8237DC68700C8A96E /* LaunchScreen.storyboard */,
				2E7E26DB237DC68700C8A96E /* Info.plist */,
			);
			path = SampleAuth;
			sourceTree = "<group>";
		};
/* End PBXGroup section */

/* Begin PBXNativeTarget section */
		2E7E26C9237DC68400C8A96E /* SampleAuth */ = {
			isa = PBXNativeTarget;
			buildConfigurationList = 2E7E26DE237DC68700C8A96E /* Build configuration list for PBXNativeTarget "SampleAuth" */;
			buildPhases = (
				2E7E26C6237DC68400C8A96E /* Sources */,
				2E7E26C7237DC68400C8A96E /* Frameworks */,
				2E7E26C8237DC68400C8A96E /* Resources */,
				2E7E26E7237DC84F00C8A96E /* Embed Frameworks */,
				2E7E26E8237DC87100C8A96E /* ShellScript */,
			);
			buildRules = (
			);
			dependencies = (
			);
			name = SampleAuth;
			productName = SampleAuth;
			productReference = 2E7E26CA237DC68400C8A96E /* SampleAuth.app */;
			productType = "com.apple.product-type.application";
		};
/* End PBXNativeTarget section */

/* Begin PBXProject section */
		2E7E26C2237DC68400C8A96E /* Project object */ = {
			isa = PBXProject;
			attributes = {
				LastSwiftUpdateCheck = 1120;
				LastUpgradeCheck = 1120;
				ORGANIZATIONNAME = Square;
				TargetAttributes = {
					2E7E26C9237DC68400C8A96E = {
						CreatedOnToolsVersion = 11.2;
					};
				};
			};
			buildConfigurationList = 2E7E26C5237DC68400C8A96E /* Build configuration list for PBXProject "SampleAuth" */;
			compatibilityVersion = "Xcode 9.3";
			developmentRegion = en;
			hasScannedForEncodings = 0;
			knownRegions = (
				en,
				Base,
			);
			mainGroup = 2E7E26C1237DC68400C8A96E;
			productRefGroup = 2E7E26CB237DC68400C8A96E /* Products */;
			projectDirPath = "";
			projectRoot = "";
			targets = (
				2E7E26C9237DC68400C8A96E /* SampleAuth */,
			);
		};
/* End PBXProject section */

/* Begin PBXResourcesBuildPhase section */
		2E7E26C8237DC68400C8A96E /* Resources */ = {
			isa = PBXResourcesBuildPhase;
			buildActionMask = 2147483647;
			files = (
				2E7E26DA237DC68700C8A96E /* LaunchScreen.storyboard in Resources */,
				2E7E26D7237DC68700C8A96E /* Assets.xcassets in Resources */,
				2E7E26D5237DC68400C8A96E /* Main.storyboard in Resources */,
			);
			runOnlyForDeploymentPostprocessing = 0;
		};
/* End PBXResourcesBuildPhase section */

/* Begin PBXShellScriptBuildPhase section */
		2E7E26E8237DC87100C8A96E /* ShellScript */ = {
			isa = PBXShellScriptBuildPhase;
			buildActionMask = 2147483647;
			files = (
			);
			inputFileListPaths = (
			);
			inputPaths = (
			);
			outputFileListPaths = (
			);
			outputPaths = (
			);
			runOnlyForDeploymentPostprocessing = 0;
			shellPath = /bin/sh;
			shellScript = "FRAMEWORKS=\"${BUILT_PRODUCTS_DIR}/${FRAMEWORKS_FOLDER_PATH}\"\n\"${FRAMEWORKS}/SquareReaderSDK.framework/setup\"\n";
		};
/* End PBXShellScriptBuildPhase section */

/* Begin PBXSourcesBuildPhase section */
		2E7E26C6237DC68400C8A96E /* Sources */ = {
			isa = PBXSourcesBuildPhase;
			buildActionMask = 2147483647;
			files = (
				2E7E26D2237DC68400C8A96E /* ViewController.swift in Sources */,
				2E7E26CE237DC68400C8A96E /* AppDelegate.swift in Sources */,
				2E7E26D0237DC68400C8A96E /* SceneDelegate.swift in Sources */,
			);
			runOnlyForDeploymentPostprocessing = 0;
		};
/* End PBXSourcesBuildPhase section */

/* Begin PBXVariantGroup section */
		2E7E26D3237DC68400C8A96E /* Main.storyboard */ = {
			isa = PBXVariantGroup;
			children = (
				2E7E26D4237DC68400C8A96E /* Base */,
			);
			name = Main.storyboard;
			sourceTree = "<group>";
		};
		2E7E26D8237DC68700C8A96E /* LaunchScreen.storyboard */ = {
			isa = PBXVariantGroup;
			children = (
				2E7E26D9237DC68700C8A96E /* Base */,
			);
			name = LaunchScreen.storyboard;
			sourceTree = "<group>";
		};
/* End PBXVariantGroup section */

/* Begin XCBuildConfiguration section */
		2E7E26DC237DC68700C8A96E /* Debug */ = {
			isa = XCBuildConfiguration;
			buildSettings = {
				ALWAYS_SEARCH_USER_PATHS = NO;
				CLANG_ANALYZER_NONNULL = YES;
				CLANG_ANALYZER_NUMBER_OBJECT_CONVERSION = YES_AGGRESSIVE;
				CLANG_CXX_LANGUAGE_STANDARD = "gnu++14";
				CLANG_CXX_LIBRARY = "libc++";
				CLANG_ENABLE_MODULES = YES;
				CLANG_ENABLE_OBJC_ARC = YES;
				CLANG_ENABLE_OBJC_WEAK = YES;
				CLANG_WARN_BLOCK_CAPTURE_AUTORELEASING = YES;
				CLANG_WARN_BOOL_CONVERSION = YES;
				CLANG_WARN_COMMA = YES;
				CLANG_WARN_CONSTANT_CONVERSION = YES;
				CLANG_WARN_DEPRECATED_OBJC_IMPLEMENTATIONS = YES;
				CLANG_WARN_DIRECT_OBJC_ISA_USAGE = YES_ERROR;
				CLANG_WARN_DOCUMENTATION_COMMENTS = YES;
				CLANG_WARN_EMPTY_BODY = YES;
				CLANG_WARN_ENUM_CONVERSION = YES;
				CLANG_WARN_INFINITE_RECURSION = YES;
				CLANG_WARN_INT_CONVERSION = YES;
				CLANG_WARN_NON_LITERAL_NULL_CONVERSION = YES;
				CLANG_WARN_OBJC_IMPLICIT_RETAIN_SELF = YES;
				CLANG_WARN_OBJC_LITERAL_CONVERSION = YES;
				CLANG_WARN_OBJC_ROOT_CLASS = YES_ERROR;
				CLANG_WARN_RANGE_LOOP_ANALYSIS = YES;
				CLANG_WARN_STRICT_PROTOTYPES = YES;
				CLANG_WARN_SUSPICIOUS_MOVE = YES;
				CLANG_WARN_UNGUARDED_AVAILABILITY = YES_AGGRESSIVE;
				CLANG_WARN_UNREACHABLE_CODE = YES;
				CLANG_WARN__DUPLICATE_METHOD_MATCH = YES;
				COPY_PHASE_STRIP = NO;
				DEBUG_INFORMATION_FORMAT = dwarf;
				ENABLE_STRICT_OBJC_MSGSEND = YES;
				ENABLE_TESTABILITY = YES;
				GCC_C_LANGUAGE_STANDARD = gnu11;
				GCC_DYNAMIC_NO_PIC = NO;
				GCC_NO_COMMON_BLOCKS = YES;
				GCC_OPTIMIZATION_LEVEL = 0;
				GCC_PREPROCESSOR_DEFINITIONS = (
					"DEBUG=1",
					"$(inherited)",
				);
				GCC_WARN_64_TO_32_BIT_CONVERSION = YES;
				GCC_WARN_ABOUT_RETURN_TYPE = YES_ERROR;
				GCC_WARN_UNDECLARED_SELECTOR = YES;
				GCC_WARN_UNINITIALIZED_AUTOS = YES_AGGRESSIVE;
				GCC_WARN_UNUSED_FUNCTION = YES;
				GCC_WARN_UNUSED_VARIABLE = YES;
				IPHONEOS_DEPLOYMENT_TARGET = 13.2;
				MTL_ENABLE_DEBUG_INFO = INCLUDE_SOURCE;
				MTL_FAST_MATH = YES;
				ONLY_ACTIVE_ARCH = YES;
				SDKROOT = iphoneos;
				SWIFT_ACTIVE_COMPILATION_CONDITIONS = DEBUG;
				SWIFT_OPTIMIZATION_LEVEL = "-Onone";
			};
			name = Debug;
		};
		2E7E26DD237DC68700C8A96E /* Release */ = {
			isa = XCBuildConfiguration;
			buildSettings = {
				ALWAYS_SEARCH_USER_PATHS = NO;
				CLANG_ANALYZER_NONNULL = YES;
				CLANG_ANALYZER_NUMBER_OBJECT_CONVERSION = YES_AGGRESSIVE;
				CLANG_CXX_LANGUAGE_STANDARD = "gnu++14";
				CLANG_CXX_LIBRARY = "libc++";
				CLANG_ENABLE_MODULES = YES;
				CLANG_ENABLE_OBJC_ARC = YES;
				CLANG_ENABLE_OBJC_WEAK = YES;
				CLANG_WARN_BLOCK_CAPTURE_AUTORELEASING = YES;
				CLANG_WARN_BOOL_CONVERSION = YES;
				CLANG_WARN_COMMA = YES;
				CLANG_WARN_CONSTANT_CONVERSION = YES;
				CLANG_WARN_DEPRECATED_OBJC_IMPLEMENTATIONS = YES;
				CLANG_WARN_DIRECT_OBJC_ISA_USAGE = YES_ERROR;
				CLANG_WARN_DOCUMENTATION_COMMENTS = YES;
				CLANG_WARN_EMPTY_BODY = YES;
				CLANG_WARN_ENUM_CONVERSION = YES;
				CLANG_WARN_INFINITE_RECURSION = YES;
				CLANG_WARN_INT_CONVERSION = YES;
				CLANG_WARN_NON_LITERAL_NULL_CONVERSION = YES;
				CLANG_WARN_OBJC_IMPLICIT_RETAIN_SELF = YES;
				CLANG_WARN_OBJC_LITERAL_CONVERSION = YES;
				CLANG_WARN_OBJC_ROOT_CLASS = YES_ERROR;
				CLANG_WARN_RANGE_LOOP_ANALYSIS = YES;
				CLANG_WARN_STRICT_PROTOTYPES = YES;
				CLANG_WARN_SUSPICIOUS_MOVE = YES;
				CLANG_WARN_UNGUARDED_AVAILABILITY = YES_AGGRESSIVE;
				CLANG_WARN_UNREACHABLE_CODE = YES;
				CLANG_WARN__DUPLICATE_METHOD_MATCH = YES;
				COPY_PHASE_STRIP = NO;
				DEBUG_INFORMATION_FORMAT = "dwarf-with-dsym";
				ENABLE_NS_ASSERTIONS = NO;
				ENABLE_STRICT_OBJC_MSGSEND = YES;
				GCC_C_LANGUAGE_STANDARD = gnu11;
				GCC_NO_COMMON_BLOCKS = YES;
				GCC_WARN_64_TO_32_BIT_CONVERSION = YES;
				GCC_WARN_ABOUT_RETURN_TYPE = YES_ERROR;
				GCC_WARN_UNDECLARED_SELECTOR = YES;
				GCC_WARN_UNINITIALIZED_AUTOS = YES_AGGRESSIVE;
				GCC_WARN_UNUSED_FUNCTION = YES;
				GCC_WARN_UNUSED_VARIABLE = YES;
				IPHONEOS_DEPLOYMENT_TARGET = 13.2;
				MTL_ENABLE_DEBUG_INFO = NO;
				MTL_FAST_MATH = YES;
				SDKROOT = iphoneos;
				SWIFT_COMPILATION_MODE = wholemodule;
				SWIFT_OPTIMIZATION_LEVEL = "-O";
				VALIDATE_PRODUCT = YES;
			};
			name = Release;
		};
		2E7E26DF237DC68700C8A96E /* Debug */ = {
			isa = XCBuildConfiguration;
			buildSettings = {
				ASSETCATALOG_COMPILER_APPICON_NAME = AppIcon;
				CODE_SIGN_STYLE = Automatic;
				DEVELOPMENT_TEAM = 72E6S5NTFS;
				FRAMEWORK_SEARCH_PATHS = (
					"$(inherited)",
					"$(PROJECT_DIR)/SampleAuth",
					"$(PROJECT_DIR)",
				);
				INFOPLIST_FILE = SampleAuth/Info.plist;
				LD_RUNPATH_SEARCH_PATHS = (
					"$(inherited)",
					"@executable_path/Frameworks",
				);
				PRODUCT_BUNDLE_IDENTIFIER = Square.SampleAuth;
				PRODUCT_NAME = "$(TARGET_NAME)";
				SWIFT_VERSION = 5.0;
				TARGETED_DEVICE_FAMILY = "1,2";
			};
			name = Debug;
		};
		2E7E26E0237DC68700C8A96E /* Release */ = {
			isa = XCBuildConfiguration;
			buildSettings = {
				ASSETCATALOG_COMPILER_APPICON_NAME = AppIcon;
				CODE_SIGN_STYLE = Automatic;
				DEVELOPMENT_TEAM = 72E6S5NTFS;
				FRAMEWORK_SEARCH_PATHS = (
					"$(inherited)",
					"$(PROJECT_DIR)/SampleAuth",
					"$(PROJECT_DIR)",
				);
				INFOPLIST_FILE = SampleAuth/Info.plist;
				LD_RUNPATH_SEARCH_PATHS = (
					"$(inherited)",
					"@executable_path/Frameworks",
				);
				PRODUCT_BUNDLE_IDENTIFIER = Square.SampleAuth;
				PRODUCT_NAME = "$(TARGET_NAME)";
				SWIFT_VERSION = 5.0;
				TARGETED_DEVICE_FAMILY = "1,2";
			};
			name = Release;
		};
/* End XCBuildConfiguration section */

/* Begin XCConfigurationList section */
		2E7E26C5237DC68400C8A96E /* Build configuration list for PBXProject "SampleAuth" */ = {
			isa = XCConfigurationList;
			buildConfigurations = (
				2E7E26DC237DC68700C8A96E /* Debug */,
				2E7E26DD237DC68700C8A96E /* Release */,
			);
			defaultConfigurationIsVisible = 0;
			defaultConfigurationName = Release;
		};
		2E7E26DE237DC68700C8A96E /* Build configuration list for PBXNativeTarget "SampleAuth" */ = {
			isa = XCConfigurationList;
			buildConfigurations = (
				2E7E26DF237DC68700C8A96E /* Debug */,
				2E7E26E0237DC68700C8A96E /* Release */,
			);
			defaultConfigurationIsVisible = 0;
			defaultConfigurationName = Release;
		};
/* End XCConfigurationList section */
	};
	rootObject = 2E7E26C2237DC68400C8A96E /* Project object */;
}
